
Microsoft Visual Studio Solution File, Format Version 12.00
# Visual Studio 15
VisualStudioVersion = 15.0.28307.960
MinimumVisualStudioVersion = 10.0.40219.1
Project("{8BC9CEB8-8B4A-11D0-8D11-00A0C91BC942}") = "Time", "Time\Time.vcxproj", "{327B6D8D-3BD1-4B4D-87F1-53C60F86150E}"
EndProject
Global
	GlobalSection(SolutionConfigurationPlatforms) = preSolution
		Debug|x64 = Debug|x64
		Debug|x86 = Debug|x86
		Release|x64 = Release|x64
		Release|x86 = Release|x86
	EndGlobalSection
	GlobalSection(ProjectConfigurationPlatforms) = postSolution
		{327B6D8D-3BD1-4B4D-87F1-53C60F86150E}.Debug|x64.ActiveCfg = Debug|x64
		{327B6D8D-3BD1-4B4D-87F1-53C60F86150E}.Debug|x64.Build.0 = Debug|x64
		{327B6D8D-3BD1-4B4D-87F1-53C60F86150E}.Debug|x86.ActiveCfg = Debug|Win32
		{327B6D8D-3BD1-4B4D-87F1-53C60F86150E}.Debug|x86.Build.0 = Debug|Win32
		{327B6D8D-3BD1-4B4D-87F1-53C60F86150E}.Release|x64.ActiveCfg = Release|x64
		{327B6D8D-3BD1-4B4D-87F1-53C60F86150E}.Release|x64.Build.0 = Release|x64
		{327B6D8D-3BD1-4B4D-87F1-53C60F86150E}.Release|x86.ActiveCfg = Release|Win32
		{327B6D8D-3BD1-4B4D-87F1-53C60F86150E}.Release|x86.Build.0 = Release|Win32
	EndGlobalSection
	GlobalSection(SolutionProperties) = preSolution
		HideSolutionNode = FALSE
	EndGlobalSection
	GlobalSection(ExtensibilityGlobals) = postSolution
		SolutionGuid = {B1AA958F-9B72-4A8B-ADBF-2EC246116C32}
	EndGlobalSection
EndGlobal
